// !$*UTF8*$!
{
	archiveVersion = 1;
	classes = {
	};
	objectVersion = 46;
	objects = {

/* Begin PBXBuildFile section */
		C8F9BC4061EE523EFA049252 /* Pods_MultiAutoCompleteTextSwiftExample.framework in Frameworks */ = {isa = PBXBuildFile; fileRef = 0AECFB0A5E425754915A970F /* Pods_MultiAutoCompleteTextSwiftExample.framework */; };
		E017EA0C1D97769C00A95B9B /* AppDelegate.swift in Sources */ = {isa = PBXBuildFile; fileRef = E017EA0B1D97769C00A95B9B /* AppDelegate.swift */; };
		E017EA0E1D97769C00A95B9B /* ViewController.swift in Sources */ = {isa = PBXBuildFile; fileRef = E017EA0D1D97769C00A95B9B /* ViewController.swift */; };
		E017EA111D97769C00A95B9B /* Main.storyboard in Resources */ = {isa = PBXBuildFile; fileRef = E017EA0F1D97769C00A95B9B /* Main.storyboard */; };
		E017EA131D97769C00A95B9B /* Assets.xcassets in Resources */ = {isa = PBXBuildFile; fileRef = E017EA121D97769C00A95B9B /* Assets.xcassets */; };
		E017EA161D97769C00A95B9B /* LaunchScreen.storyboard in Resources */ = {isa = PBXBuildFile; fileRef = E017EA141D97769C00A95B9B /* LaunchScreen.storyboard */; };
/* End PBXBuildFile section */

/* Begin PBXFileReference section */
		0AECFB0A5E425754915A970F /* Pods_MultiAutoCompleteTextSwiftExample.framework */ = {isa = PBXFileReference; explicitFileType = wrapper.framework; includeInIndex = 0; path = Pods_MultiAutoCompleteTextSwiftExample.framework; sourceTree = BUILT_PRODUCTS_DIR; };
		BCEA2B64015CADFC32923736 /* Pods-MultiAutoCompleteTextSwiftExample.release.xcconfig */ = {isa = PBXFileReference; includeInIndex = 1; lastKnownFileType = text.xcconfig; name = "Pods-MultiAutoCompleteTextSwiftExample.release.xcconfig"; path = "Pods/Target Support Files/Pods-MultiAutoCompleteTextSwiftExample/Pods-MultiAutoCompleteTextSwiftExample.release.xcconfig"; sourceTree = "<group>"; };
		E017EA081D97769B00A95B9B /* MultiAutoCompleteTextSwiftExample.app */ = {isa = PBXFileReference; explicitFileType = wrapper.application; includeInIndex = 0; path = MultiAutoCompleteTextSwiftExample.app; sourceTree = BUILT_PRODUCTS_DIR; };
		E017EA0B1D97769C00A95B9B /* AppDelegate.swift */ = {isa = PBXFileReference; lastKnownFileType = sourcecode.swift; path = AppDelegate.swift; sourceTree = "<group>"; };
		E017EA0D1D97769C00A95B9B /* ViewController.swift */ = {isa = PBXFileReference; lastKnownFileType = sourcecode.swift; path = ViewController.swift; sourceTree = "<group>"; };
		E017EA101D97769C00A95B9B /* Base */ = {isa = PBXFileReference; lastKnownFileType = file.storyboard; name = Base; path = Base.lproj/Main.storyboard; sourceTree = "<group>"; };
		E017EA121D97769C00A95B9B /* Assets.xcassets */ = {isa = PBXFileReference; lastKnownFileType = folder.assetcatalog; path = Assets.xcassets; sourceTree = "<group>"; };
		E017EA151D97769C00A95B9B /* Base */ = {isa = PBXFileReference; lastKnownFileType = file.storyboard; name = Base; path = Base.lproj/LaunchScreen.storyboard; sourceTree = "<group>"; };
		E017EA171D97769C00A95B9B /* Info.plist */ = {isa = PBXFileReference; lastKnownFileType = text.plist.xml; path = Info.plist; sourceTree = "<group>"; };
		F0EDE2BBA8EA8F4F2AADE26A /* Pods-MultiAutoCompleteTextSwiftExample.debug.xcconfig */ = {isa = PBXFileReference; includeInIndex = 1; lastKnownFileType = text.xcconfig; name = "Pods-MultiAutoCompleteTextSwiftExample.debug.xcconfig"; path = "Pods/Target Support Files/Pods-MultiAutoCompleteTextSwiftExample/Pods-MultiAutoCompleteTextSwiftExample.debug.xcconfig"; sourceTree = "<group>"; };
/* End PBXFileReference section */

/* Begin PBXFrameworksBuildPhase section */
		E017EA051D97769B00A95B9B /* Frameworks */ = {
			isa = PBXFrameworksBuildPhase;
			buildActionMask = 2147483647;
			files = (
				C8F9BC4061EE523EFA049252 /* Pods_MultiAutoCompleteTextSwiftExample.framework in Frameworks */,
			);
			runOnlyForDeploymentPostprocessing = 0;
		};
/* End PBXFrameworksBuildPhase section */

/* Begin PBXGroup section */
		A531F383146D55FA6A9FF558 /* Pods */ = {
			isa = PBXGroup;
			children = (
				F0EDE2BBA8EA8F4F2AADE26A /* Pods-MultiAutoCompleteTextSwiftExample.debug.xcconfig */,
				BCEA2B64015CADFC32923736 /* Pods-MultiAutoCompleteTextSwiftExample.release.xcconfig */,
			);
			name = Pods;
			sourceTree = "<group>";
		};
		E017E9FF1D97769B00A95B9B = {
			isa = PBXGroup;
			children = (
				E017EA0A1D97769B00A95B9B /* MultiAutoCompleteTextSwiftExample */,
				E017EA091D97769B00A95B9B /* Products */,
				A531F383146D55FA6A9FF558 /* Pods */,
				F46746D3653D1CBBE079C416 /* Frameworks */,
			);
			sourceTree = "<group>";
		};
		E017EA091D97769B00A95B9B /* Products */ = {
			isa = PBXGroup;
			children = (
				E017EA081D97769B00A95B9B /* MultiAutoCompleteTextSwiftExample.app */,
			);
			name = Products;
			sourceTree = "<group>";
		};
		E017EA0A1D97769B00A95B9B /* MultiAutoCompleteTextSwiftExample */ = {
			isa = PBXGroup;
			children = (
				E017EA0B1D97769C00A95B9B /* AppDelegate.swift */,
				E017EA0D1D97769C00A95B9B /* ViewController.swift */,
				E017EA0F1D97769C00A95B9B /* Main.storyboard */,
				E017EA121D97769C00A95B9B /* Assets.xcassets */,
				E017EA141D97769C00A95B9B /* LaunchScreen.storyboard */,
				E017EA171D97769C00A95B9B /* Info.plist */,
			);
			path = MultiAutoCompleteTextSwiftExample;
			sourceTree = "<group>";
		};
		F46746D3653D1CBBE079C416 /* Frameworks */ = {
			isa = PBXGroup;
			children = (
				0AECFB0A5E425754915A970F /* Pods_MultiAutoCompleteTextSwiftExample.framework */,
			);
			name = Frameworks;
			sourceTree = "<group>";
		};
/* End PBXGroup section */

/* Begin PBXNativeTarget section */
		E017EA071D97769B00A95B9B /* MultiAutoCompleteTextSwiftExample */ = {
			isa = PBXNativeTarget;
			buildConfigurationList = E017EA1A1D97769C00A95B9B /* Build configuration list for PBXNativeTarget "MultiAutoCompleteTextSwiftExample" */;
			buildPhases = (
				E2F8C903AAC8B83A25B791B6 /* [CP] Check Pods Manifest.lock */,
				E017EA041D97769B00A95B9B /* Sources */,
				E017EA051D97769B00A95B9B /* Frameworks */,
				E017EA061D97769B00A95B9B /* Resources */,
				DE24EA27CCB336B2FC958C07 /* [CP] Embed Pods Frameworks */,
				AC145537C1E1BEE17686F5CD /* [CP] Copy Pods Resources */,
			);
			buildRules = (
			);
			dependencies = (
			);
			name = MultiAutoCompleteTextSwiftExample;
			productName = MultiAutoCompleteTextSwiftExample;
			productReference = E017EA081D97769B00A95B9B /* MultiAutoCompleteTextSwiftExample.app */;
			productType = "com.apple.product-type.application";
		};
/* End PBXNativeTarget section */

/* Begin PBXProject section */
		E017EA001D97769B00A95B9B /* Project object */ = {
			isa = PBXProject;
			attributes = {
				LastSwiftUpdateCheck = 0800;
				LastUpgradeCheck = 0800;
				ORGANIZATIONNAME = "Tatsuhiko Shimomura";
				TargetAttributes = {
					E017EA071D97769B00A95B9B = {
						CreatedOnToolsVersion = 8.0;
						ProvisioningStyle = Automatic;
					};
				};
			};
			buildConfigurationList = E017EA031D97769B00A95B9B /* Build configuration list for PBXProject "MultiAutoCompleteTextSwiftExample" */;
			compatibilityVersion = "Xcode 3.2";
			developmentRegion = English;
			hasScannedForEncodings = 0;
			knownRegions = (
				en,
				Base,
			);
			mainGroup = E017E9FF1D97769B00A95B9B;
			productRefGroup = E017EA091D97769B00A95B9B /* Products */;
			projectDirPath = "";
			projectRoot = "";
			targets = (
				E017EA071D97769B00A95B9B /* MultiAutoCompleteTextSwiftExample */,
			);
		};
/* End PBXProject section */

/* Begin PBXResourcesBuildPhase section */
		E017EA061D97769B00A95B9B /* Resources */ = {
			isa = PBXResourcesBuildPhase;
			buildActionMask = 2147483647;
			files = (
				E017EA161D97769C00A95B9B /* LaunchScreen.storyboard in Resources */,
				E017EA131D97769C00A95B9B /* Assets.xcassets in Resources */,
				E017EA111D97769C00A95B9B /* Main.storyboard in Resources */,
			);
			runOnlyForDeploymentPostprocessing = 0;
		};
/* End PBXResourcesBuildPhase section */

/* Begin PBXShellScriptBuildPhase section */
		AC145537C1E1BEE17686F5CD /* [CP] Copy Pods Resources */ = {
			isa = PBXShellScriptBuildPhase;
			buildActionMask = 2147483647;
			files = (
			);
			inputPaths = (
			);
			name = "[CP] Copy Pods Resources";
			outputPaths = (
			);
			runOnlyForDeploymentPostprocessing = 0;
			shellPath = /bin/sh;
			shellScript = "\"${SRCROOT}/Pods/Target Support Files/Pods-MultiAutoCompleteTextSwiftExample/Pods-MultiAutoCompleteTextSwiftExample-resources.sh\"\n";
			showEnvVarsInLog = 0;
		};
		DE24EA27CCB336B2FC958C07 /* [CP] Embed Pods Frameworks */ = {
			isa = PBXShellScriptBuildPhase;
			buildActionMask = 2147483647;
			files = (
			);
			inputPaths = (
			);
			name = "[CP] Embed Pods Frameworks";
			outputPaths = (
			);
			runOnlyForDeploymentPostprocessing = 0;
			shellPath = /bin/sh;
			shellScript = "\"${SRCROOT}/Pods/Target Support Files/Pods-MultiAutoCompleteTextSwiftExample/Pods-MultiAutoCompleteTextSwiftExample-frameworks.sh\"\n";
			showEnvVarsInLog = 0;
		};
		E2F8C903AAC8B83A25B791B6 /* [CP] Check Pods Manifest.lock */ = {
			isa = PBXShellScriptBuildPhase;
			buildActionMask = 2147483647;
			files = (
			);
			inputPaths = (
			);
			name = "[CP] Check Pods Manifest.lock";
			outputPaths = (
			);
			runOnlyForDeploymentPostprocessing = 0;
			shellPath = /bin/sh;
			shellScript = "diff \"${PODS_ROOT}/../Podfile.lock\" \"${PODS_ROOT}/Manifest.lock\" > /dev/null\nif [ $? != 0 ] ; then\n    # print error to STDERR\n    echo \"error: The sandbox is not in sync with the Podfile.lock. Run 'pod install' or update your CocoaPods installation.\" >&2\n    exit 1\nfi\n";
			showEnvVarsInLog = 0;
		};
/* End PBXShellScriptBuildPhase section */

/* Begin PBXSourcesBuildPhase section */
		E017EA041D97769B00A95B9B /* Sources */ = {
			isa = PBXSourcesBuildPhase;
			buildActionMask = 2147483647;
			files = (
				E017EA0E1D97769C00A95B9B /* ViewController.swift in Sources */,
				E017EA0C1D97769C00A95B9B /* AppDelegate.swift in Sources */,
			);
			runOnlyForDeploymentPostprocessing = 0;
		};
/* End PBXSourcesBuildPhase section */

/* Begin PBXVariantGroup section */
		E017EA0F1D97769C00A95B9B /* Main.storyboard */ = {
			isa = PBXVariantGroup;
			children = (
				E017EA101D97769C00A95B9B /* Base */,
			);
			name = Main.storyboard;
			sourceTree = "<group>";
		};
		E017EA141D97769C00A95B9B /* LaunchScreen.storyboard */ = {
			isa = PBXVariantGroup;
			children = (
				E017EA151D97769C00A95B9B /* Base */,
			);
			name = LaunchScreen.storyboard;
			sourceTree = "<group>";
		};
/* End PBXVariantGroup section */

/* Begin XCBuildConfiguration section */
		E017EA181D97769C00A95B9B /* Debug */ = {
			isa = XCBuildConfiguration;
			buildSettings = {
				ALWAYS_SEARCH_USER_PATHS = NO;
				CLANG_ANALYZER_NONNULL = YES;
				CLANG_CXX_LANGUAGE_STANDARD = "gnu++0x";
				CLANG_CXX_LIBRARY = "libc++";
				CLANG_ENABLE_MODULES = YES;
				CLANG_ENABLE_OBJC_ARC = YES;
				CLANG_WARN_BOOL_CONVERSION = YES;
				CLANG_WARN_CONSTANT_CONVERSION = YES;
				CLANG_WARN_DIRECT_OBJC_ISA_USAGE = YES_ERROR;
				CLANG_WARN_DOCUMENTATION_COMMENTS = YES;
				CLANG_WARN_EMPTY_BODY = YES;
				CLANG_WARN_ENUM_CONVERSION = YES;
				CLANG_WARN_INFINITE_RECURSION = YES;
				CLANG_WARN_INT_CONVERSION = YES;
				CLANG_WARN_OBJC_ROOT_CLASS = YES_ERROR;
				CLANG_WARN_SUSPICIOUS_MOVE = YES;
				CLANG_WARN_SUSPICIOUS_MOVES = YES;
				CLANG_WARN_UNREACHABLE_CODE = YES;
				CLANG_WARN__DUPLICATE_METHOD_MATCH = YES;
				"CODE_SIGN_IDENTITY[sdk=iphoneos*]" = "iPhone Developer";
				COPY_PHASE_STRIP = NO;
				DEBUG_INFORMATION_FORMAT = dwarf;
				ENABLE_STRICT_OBJC_MSGSEND = YES;
				ENABLE_TESTABILITY = YES;
				GCC_C_LANGUAGE_STANDARD = gnu99;
				GCC_DYNAMIC_NO_PIC = NO;
				GCC_NO_COMMON_BLOCKS = YES;
				GCC_OPTIMIZATION_LEVEL = 0;
				GCC_PREPROCESSOR_DEFINITIONS = (
					"DEBUG=1",
					"$(inherited)",
				);
				GCC_WARN_64_TO_32_BIT_CONVERSION = YES;
				GCC_WARN_ABOUT_RETURN_TYPE = YES_ERROR;
				GCC_WARN_UNDECLARED_SELECTOR = YES;
				GCC_WARN_UNINITIALIZED_AUTOS = YES_AGGRESSIVE;
				GCC_WARN_UNUSED_FUNCTION = YES;
				GCC_WARN_UNUSED_VARIABLE = YES;
				IPHONEOS_DEPLOYMENT_TARGET = 10.0;
				MTL_ENABLE_DEBUG_INFO = YES;
				ONLY_ACTIVE_ARCH = YES;
				SDKROOT = iphoneos;
				SWIFT_ACTIVE_COMPILATION_CONDITIONS = DEBUG;
				SWIFT_OPTIMIZATION_LEVEL = "-Onone";
			};
			name = Debug;
		};
		E017EA191D97769C00A95B9B /* Release */ = {
			isa = XCBuildConfiguration;
			buildSettings = {
				ALWAYS_SEARCH_USER_PATHS = NO;
				CLANG_ANALYZER_NONNULL = YES;
				CLANG_CXX_LANGUAGE_STANDARD = "gnu++0x";
				CLANG_CXX_LIBRARY = "libc++";
				CLANG_ENABLE_MODULES = YES;
				CLANG_ENABLE_OBJC_ARC = YES;
				CLANG_WARN_BOOL_CONVERSION = YES;
				CLANG_WARN_CONSTANT_CONVERSION = YES;
				CLANG_WARN_DIRECT_OBJC_ISA_USAGE = YES_ERROR;
				CLANG_WARN_DOCUMENTATION_COMMENTS = YES;
				CLANG_WARN_EMPTY_BODY = YES;
				CLANG_WARN_ENUM_CONVERSION = YES;
				CLANG_WARN_INFINITE_RECURSION = YES;
				CLANG_WARN_INT_CONVERSION = YES;
				CLANG_WARN_OBJC_ROOT_CLASS = YES_ERROR;
				CLANG_WARN_SUSPICIOUS_MOVE = YES;
				CLANG_WARN_SUSPICIOUS_MOVES = YES;
				CLANG_WARN_UNREACHABLE_CODE = YES;
				CLANG_WARN__DUPLICATE_METHOD_MATCH = YES;
				"CODE_SIGN_IDENTITY[sdk=iphoneos*]" = "iPhone Developer";
				COPY_PHASE_STRIP = NO;
				DEBUG_INFORMATION_FORMAT = "dwarf-with-dsym";
				ENABLE_NS_ASSERTIONS = NO;
				ENABLE_STRICT_OBJC_MSGSEND = YES;
				GCC_C_LANGUAGE_STANDARD = gnu99;
				GCC_NO_COMMON_BLOCKS = YES;
				GCC_WARN_64_TO_32_BIT_CONVERSION = YES;
				GCC_WARN_ABOUT_RETURN_TYPE = YES_ERROR;
				GCC_WARN_UNDECLARED_SELECTOR = YES;
				GCC_WARN_UNINITIALIZED_AUTOS = YES_AGGRESSIVE;
				GCC_WARN_UNUSED_FUNCTION = YES;
				GCC_WARN_UNUSED_VARIABLE = YES;
				IPHONEOS_DEPLOYMENT_TARGET = 10.0;
				MTL_ENABLE_DEBUG_INFO = NO;
				SDKROOT = iphoneos;
				SWIFT_OPTIMIZATION_LEVEL = "-Owholemodule";
				VALIDATE_PRODUCT = YES;
			};
			name = Release;
		};
		E017EA1B1D97769C00A95B9B /* Debug */ = {
			isa = XCBuildConfiguration;
			baseConfigurationReference = F0EDE2BBA8EA8F4F2AADE26A /* Pods-MultiAutoCompleteTextSwiftExample.debug.xcconfig */;
			buildSettings = {
				ALWAYS_EMBED_SWIFT_STANDARD_LIBRARIES = YES;
				ASSETCATALOG_COMPILER_APPICON_NAME = AppIcon;
				INFOPLIST_FILE = MultiAutoCompleteTextSwiftExample/Info.plist;
				LD_RUNPATH_SEARCH_PATHS = "$(inherited) @executable_path/Frameworks";
				PRODUCT_BUNDLE_IDENTIFIER = "work.t-s.MultiAutoCompleteTextSwiftExample";
				PRODUCT_NAME = "$(TARGET_NAME)";
				SWIFT_VERSION = 3.0;
			};
			name = Debug;
		};
		E017EA1C1D97769C00A95B9B /* Release */ = {
			isa = XCBuildConfiguration;
			baseConfigurationReference = BCEA2B64015CADFC32923736 /* Pods-MultiAutoCompleteTextSwiftExample.release.xcconfig */;
			buildSettings = {
				ALWAYS_EMBED_SWIFT_STANDARD_LIBRARIES = YES;
				ASSETCATALOG_COMPILER_APPICON_NAME = AppIcon;
				INFOPLIST_FILE = MultiAutoCompleteTextSwiftExample/Info.plist;
				LD_RUNPATH_SEARCH_PATHS = "$(inherited) @executable_path/Frameworks";
				PRODUCT_BUNDLE_IDENTIFIER = "work.t-s.MultiAutoCompleteTextSwiftExample";
				PRODUCT_NAME = "$(TARGET_NAME)";
				SWIFT_VERSION = 3.0;
			};
			name = Release;
		};
/* End XCBuildConfiguration section */

/* Begin XCConfigurationList section */
		E017EA031D97769B00A95B9B /* Build configuration list for PBXProject "MultiAutoCompleteTextSwiftExample" */ = {
			isa = XCConfigurationList;
			buildConfigurations = (
				E017EA181D97769C00A95B9B /* Debug */,
				E017EA191D97769C00A95B9B /* Release */,
			);
			defaultConfigurationIsVisible = 0;
			defaultConfigurationName = Release;
		};
		E017EA1A1D97769C00A95B9B /* Build configuration list for PBXNativeTarget "MultiAutoCompleteTextSwiftExample" */ = {
			isa = XCConfigurationList;
			buildConfigurations = (
				E017EA1B1D97769C00A95B9B /* Debug */,
				E017EA1C1D97769C00A95B9B /* Release */,
			);
			defaultConfigurationIsVisible = 0;
			defaultConfigurationName = Release;
		};
/* End XCConfigurationList section */
	};
	rootObject = E017EA001D97769B00A95B9B /* Project object */;
}
